
Microsoft Visual Studio Solution File, Format Version 12.00
# Visual Studio Version 16
VisualStudioVersion = 16.0.32929.386
MinimumVisualStudioVersion = 10.0.40219.1
Project("{FAE04EC0-301F-11D3-BF4B-00C04F79EFBC}") = "Helloworld1", "ConsoleApp1\Helloworld1.csproj", "{CB511FF9-648C-42A0-A641-90D738A2D6D3}"
EndProject
Global
	GlobalSection(SolutionConfigurationPlatforms) = preSolution
		Debug|Any CPU = Debug|Any CPU
		Release|Any CPU = Release|Any CPU
	EndGlobalSection
	GlobalSection(ProjectConfigurationPlatforms) = postSolution
		{CB511FF9-648C-42A0-A641-90D738A2D6D3}.Debug|Any CPU.ActiveCfg = Debug|Any CPU
		{CB511FF9-648C-42A0-A641-90D738A2D6D3}.Debug|Any CPU.Build.0 = Debug|Any CPU
		{CB511FF9-648C-42A0-A641-90D738A2D6D3}.Release|Any CPU.ActiveCfg = Release|Any CPU
		{CB511FF9-648C-42A0-A641-90D738A2D6D3}.Release|Any CPU.Build.0 = Release|Any CPU
	EndGlobalSection
	GlobalSection(SolutionProperties) = preSolution
		HideSolutionNode = FALSE
	EndGlobalSection
	GlobalSection(ExtensibilityGlobals) = postSolution
		SolutionGuid = {160C5D0F-B9EB-4AFE-835D-CBAB424793C7}
	EndGlobalSection
EndGlobal
